
Microsoft Visual Studio Solution File, Format Version 12.00
# Visual Studio Version 16
VisualStudioVersion = 16.0.31613.86
MinimumVisualStudioVersion = 10.0.40219.1
Project("{FAE04EC0-301F-11D3-BF4B-00C04F79EFBC}") = "Divisao", "Divisao\Divisao.csproj", "{0A45B76E-D0A0-496E-95A7-8A8A6207AA6C}"
EndProject
Project("{FAE04EC0-301F-11D3-BF4B-00C04F79EFBC}") = "Soma", "Soma\Soma.csproj", "{F4240D8D-38B6-47C4-BC45-B9D6355E7E55}"
EndProject
Project("{FAE04EC0-301F-11D3-BF4B-00C04F79EFBC}") = "Media", "Media\Media.csproj", "{0B9BF6C4-179F-44AE-B2C7-29C309709D1B}"
EndProject
Global
	GlobalSection(SolutionConfigurationPlatforms) = preSolution
		Debug|Any CPU = Debug|Any CPU
		Release|Any CPU = Release|Any CPU
	EndGlobalSection
	GlobalSection(ProjectConfigurationPlatforms) = postSolution
		{0A45B76E-D0A0-496E-95A7-8A8A6207AA6C}.Debug|Any CPU.ActiveCfg = Debug|Any CPU
		{0A45B76E-D0A0-496E-95A7-8A8A6207AA6C}.Debug|Any CPU.Build.0 = Debug|Any CPU
		{0A45B76E-D0A0-496E-95A7-8A8A6207AA6C}.Release|Any CPU.ActiveCfg = Release|Any CPU
		{0A45B76E-D0A0-496E-95A7-8A8A6207AA6C}.Release|Any CPU.Build.0 = Release|Any CPU
		{F4240D8D-38B6-47C4-BC45-B9D6355E7E55}.Debug|Any CPU.ActiveCfg = Debug|Any CPU
		{F4240D8D-38B6-47C4-BC45-B9D6355E7E55}.Debug|Any CPU.Build.0 = Debug|Any CPU
		{F4240D8D-38B6-47C4-BC45-B9D6355E7E55}.Release|Any CPU.ActiveCfg = Release|Any CPU
		{F4240D8D-38B6-47C4-BC45-B9D6355E7E55}.Release|Any CPU.Build.0 = Release|Any CPU
		{0B9BF6C4-179F-44AE-B2C7-29C309709D1B}.Debug|Any CPU.ActiveCfg = Debug|Any CPU
		{0B9BF6C4-179F-44AE-B2C7-29C309709D1B}.Debug|Any CPU.Build.0 = Debug|Any CPU
		{0B9BF6C4-179F-44AE-B2C7-29C309709D1B}.Release|Any CPU.ActiveCfg = Release|Any CPU
		{0B9BF6C4-179F-44AE-B2C7-29C309709D1B}.Release|Any CPU.Build.0 = Release|Any CPU
	EndGlobalSection
	GlobalSection(SolutionProperties) = preSolution
		HideSolutionNode = FALSE
	EndGlobalSection
	GlobalSection(ExtensibilityGlobals) = postSolution
		SolutionGuid = {AABD57B8-B658-4A16-A30D-93BC95BEA86E}
	EndGlobalSection
EndGlobal
